
Microsoft Visual Studio Solution File, Format Version 12.00
# Visual Studio Version 16
VisualStudioVersion = 16.0.30309.148
MinimumVisualStudioVersion = 10.0.40219.1
Project("{FAE04EC0-301F-11D3-BF4B-00C04F79EFBC}") = "TP_Chat2", "TP_Chat2\TP_Chat2.csproj", "{F1DF57E9-FEB6-41CD-9B1E-FB9C01A40E8E}"
EndProject
Global
	GlobalSection(SolutionConfigurationPlatforms) = preSolution
		Debug|Any CPU = Debug|Any CPU
		Release|Any CPU = Release|Any CPU
	EndGlobalSection
	GlobalSection(ProjectConfigurationPlatforms) = postSolution
		{F1DF57E9-FEB6-41CD-9B1E-FB9C01A40E8E}.Debug|Any CPU.ActiveCfg = Debug|Any CPU
		{F1DF57E9-FEB6-41CD-9B1E-FB9C01A40E8E}.Debug|Any CPU.Build.0 = Debug|Any CPU
		{F1DF57E9-FEB6-41CD-9B1E-FB9C01A40E8E}.Release|Any CPU.ActiveCfg = Release|Any CPU
		{F1DF57E9-FEB6-41CD-9B1E-FB9C01A40E8E}.Release|Any CPU.Build.0 = Release|Any CPU
	EndGlobalSection
	GlobalSection(SolutionProperties) = preSolution
		HideSolutionNode = FALSE
	EndGlobalSection
	GlobalSection(ExtensibilityGlobals) = postSolution
		SolutionGuid = {33CBFA70-7638-4D81-BADC-1076A59D6AD6}
	EndGlobalSection
EndGlobal
